
Microsoft Visual Studio Solution File, Format Version 12.00
# Visual Studio Version 16
VisualStudioVersion = 16.0.31205.134
MinimumVisualStudioVersion = 10.0.40219.1
Project("{FAE04EC0-301F-11D3-BF4B-00C04F79EFBC}") = "AgendaApp", "AgendaApp\AgendaApp.csproj", "{018711F7-8375-45BD-A80E-234E07DD6AF2}"
EndProject
Global
	GlobalSection(SolutionConfigurationPlatforms) = preSolution
		Debug|Any CPU = Debug|Any CPU
		Release|Any CPU = Release|Any CPU
	EndGlobalSection
	GlobalSection(ProjectConfigurationPlatforms) = postSolution
		{018711F7-8375-45BD-A80E-234E07DD6AF2}.Debug|Any CPU.ActiveCfg = Debug|Any CPU
		{018711F7-8375-45BD-A80E-234E07DD6AF2}.Debug|Any CPU.Build.0 = Debug|Any CPU
		{018711F7-8375-45BD-A80E-234E07DD6AF2}.Release|Any CPU.ActiveCfg = Release|Any CPU
		{018711F7-8375-45BD-A80E-234E07DD6AF2}.Release|Any CPU.Build.0 = Release|Any CPU
	EndGlobalSection
	GlobalSection(SolutionProperties) = preSolution
		HideSolutionNode = FALSE
	EndGlobalSection
	GlobalSection(ExtensibilityGlobals) = postSolution
		SolutionGuid = {6456F8E1-AA64-4364-9533-D8872BE72139}
	EndGlobalSection
EndGlobal
